
Microsoft Visual Studio Solution File, Format Version 12.00
# Visual Studio Version 16
VisualStudioVersion = 16.0.31019.35
MinimumVisualStudioVersion = 10.0.40219.1
Project("{FAE04EC0-301F-11D3-BF4B-00C04F79EFBC}") = "CanHub.AndroidImageCropper.Xamarin", "CanHub.AndroidImageCropper.Xamarin\CanHub.AndroidImageCropper.Xamarin.csproj", "{335136D1-0C65-43F1-84FF-DE33138898C9}"
EndProject
Project("{FAE04EC0-301F-11D3-BF4B-00C04F79EFBC}") = "CanHub.AndroidImageCropper.Droid", "CanHub.AndroidImageCropper.Droid\CanHub.AndroidImageCropper.Droid.csproj", "{27C561B7-AFD5-41FF-AA9C-B2A7CDFFD1B4}"
EndProject
Project("{2150E333-8FDC-42A3-9474-1A3956D46DE8}") = "SolutionItems", "SolutionItems", "{16A96D5C-9CC9-45A8-82B5-097BAF8AD237}"
EndProject
Global
	GlobalSection(SolutionConfigurationPlatforms) = preSolution
		Debug|Any CPU = Debug|Any CPU
		Release|Any CPU = Release|Any CPU
	EndGlobalSection
	GlobalSection(ProjectConfigurationPlatforms) = postSolution
		{335136D1-0C65-43F1-84FF-DE33138898C9}.Debug|Any CPU.ActiveCfg = Debug|Any CPU
		{335136D1-0C65-43F1-84FF-DE33138898C9}.Debug|Any CPU.Build.0 = Debug|Any CPU
		{335136D1-0C65-43F1-84FF-DE33138898C9}.Release|Any CPU.ActiveCfg = Release|Any CPU
		{335136D1-0C65-43F1-84FF-DE33138898C9}.Release|Any CPU.Build.0 = Release|Any CPU
		{27C561B7-AFD5-41FF-AA9C-B2A7CDFFD1B4}.Debug|Any CPU.ActiveCfg = Debug|Any CPU
		{27C561B7-AFD5-41FF-AA9C-B2A7CDFFD1B4}.Debug|Any CPU.Build.0 = Debug|Any CPU
		{27C561B7-AFD5-41FF-AA9C-B2A7CDFFD1B4}.Debug|Any CPU.Deploy.0 = Debug|Any CPU
		{27C561B7-AFD5-41FF-AA9C-B2A7CDFFD1B4}.Release|Any CPU.ActiveCfg = Release|Any CPU
		{27C561B7-AFD5-41FF-AA9C-B2A7CDFFD1B4}.Release|Any CPU.Build.0 = Release|Any CPU
		{27C561B7-AFD5-41FF-AA9C-B2A7CDFFD1B4}.Release|Any CPU.Deploy.0 = Release|Any CPU
	EndGlobalSection
	GlobalSection(SolutionProperties) = preSolution
		HideSolutionNode = FALSE
	EndGlobalSection
	GlobalSection(ExtensibilityGlobals) = postSolution
		SolutionGuid = {151F2F3B-AA0B-43EC-A2AF-3CA11AD1B142}
	EndGlobalSection
EndGlobal
